PODS:
  - BlocksKit (2.2.3):
    - BlocksKit/All
  - BlocksKit/All (2.2.3):
    - BlocksKit/Core
    - BlocksKit/DynamicDelegate
    - BlocksKit/MessageUI
    - BlocksKit/UIKit
  - BlocksKit/Core (2.2.3)
  - BlocksKit/DynamicDelegate (2.2.3)
  - BlocksKit/MessageUI (2.2.3):
    - BlocksKit/Core
    - BlocksKit/DynamicDelegate
  - BlocksKit/UIKit (2.2.3):
    - BlocksKit/Core
    - BlocksKit/DynamicDelegate
  - CorePlot (1.4)
  - FMDB (2.1):
    - FMDB/standard
  - FMDB/common (2.1)
  - FMDB/standard (2.1):
    - FMDB/common
  - TestFlightSDK (3.0.0)

DEPENDENCIES:
  - BlocksKit
  - CorePlot (~> 1.4)
  - FMDB
  - TestFlightSDK (~> 3.0)

SPEC CHECKSUMS:
  BlocksKit: 07c8a80f04275efac6a5f8b973782489c083a182
  CorePlot: 72ed564770dc4e123b5c88bc5dfc8a2ef4e5bc86
  FMDB: 2a4025247d22fb28865db84c744706385f806d7d
  TestFlightSDK: 36b8a207c5a119a3144aa2e6d24973eb9d5e0d0a

COCOAPODS: 0.32.1
