PODS:
  - CorePlot (1.4)
  - FMDB (2.1):
    - FMDB/standard
  - FMDB/common (2.1)
  - FMDB/standard (2.1):
    - FMDB/common
  - FontAwesome+iOS (0.1.1)
  - TestFlightSDK (3.0.0)

DEPENDENCIES:
  - CorePlot (~> 1.4)
  - FMDB
  - FontAwesome+iOS
  - TestFlightSDK (~> 3.0)

SPEC CHECKSUMS:
  CorePlot: 0c6cfe42f4cc458062dfd765d5b8f59a0d0fdddf
  FMDB: d47c9f71888fcbbf6ca7d37bd3e145672477d921
  FontAwesome+iOS: 243c5309e90d5788909b0f859f75ecff4a20f88f
  TestFlightSDK: fe0567a897456b6f65b180541892ef0154986e01

COCOAPODS: 0.32.1
